
Microsoft Visual Studio Solution File, Format Version 12.00
# Visual Studio Version 16
VisualStudioVersion = 16.0.31729.503
MinimumVisualStudioVersion = 10.0.40219.1
Project("{FAE04EC0-301F-11D3-BF4B-00C04F79EFBC}") = "aula07_mvc_project", "aula07_mvc_project\aula07_mvc_project.csproj", "{EC9A94D5-6FC9-4FCD-B104-99D40DBCA732}"
EndProject
Global
	GlobalSection(SolutionConfigurationPlatforms) = preSolution
		Debug|Any CPU = Debug|Any CPU
		Release|Any CPU = Release|Any CPU
	EndGlobalSection
	GlobalSection(ProjectConfigurationPlatforms) = postSolution
		{EC9A94D5-6FC9-4FCD-B104-99D40DBCA732}.Debug|Any CPU.ActiveCfg = Debug|Any CPU
		{EC9A94D5-6FC9-4FCD-B104-99D40DBCA732}.Debug|Any CPU.Build.0 = Debug|Any CPU
		{EC9A94D5-6FC9-4FCD-B104-99D40DBCA732}.Release|Any CPU.ActiveCfg = Release|Any CPU
		{EC9A94D5-6FC9-4FCD-B104-99D40DBCA732}.Release|Any CPU.Build.0 = Release|Any CPU
	EndGlobalSection
	GlobalSection(SolutionProperties) = preSolution
		HideSolutionNode = FALSE
	EndGlobalSection
	GlobalSection(ExtensibilityGlobals) = postSolution
		SolutionGuid = {2D232218-D72B-4EE7-A8BD-5259C8F7D5FE}
	EndGlobalSection
EndGlobal
