
Microsoft Visual Studio Solution File, Format Version 12.00
# Visual Studio 15
VisualStudioVersion = 15.0.28307.1622
MinimumVisualStudioVersion = 10.0.40219.1
Project("{FAE04EC0-301F-11D3-BF4B-00C04F79EFBC}") = "Correntistas", "Correntistas\Correntistas.csproj", "{80732E60-6B4A-4682-8277-9665F64EB085}"
EndProject
Global
	GlobalSection(SolutionConfigurationPlatforms) = preSolution
		Debug|Any CPU = Debug|Any CPU
		Release|Any CPU = Release|Any CPU
	EndGlobalSection
	GlobalSection(ProjectConfigurationPlatforms) = postSolution
		{80732E60-6B4A-4682-8277-9665F64EB085}.Debug|Any CPU.ActiveCfg = Debug|Any CPU
		{80732E60-6B4A-4682-8277-9665F64EB085}.Debug|Any CPU.Build.0 = Debug|Any CPU
		{80732E60-6B4A-4682-8277-9665F64EB085}.Release|Any CPU.ActiveCfg = Release|Any CPU
		{80732E60-6B4A-4682-8277-9665F64EB085}.Release|Any CPU.Build.0 = Release|Any CPU
	EndGlobalSection
	GlobalSection(SolutionProperties) = preSolution
		HideSolutionNode = FALSE
	EndGlobalSection
	GlobalSection(ExtensibilityGlobals) = postSolution
		SolutionGuid = {9DE4EA29-D9EA-464C-A185-43618EBD3017}
	EndGlobalSection
EndGlobal
