
Microsoft Visual Studio Solution File, Format Version 12.00
# Visual Studio 15
VisualStudioVersion = 15.0.28307.1622
MinimumVisualStudioVersion = 10.0.40219.1
Project("{FAE04EC0-301F-11D3-BF4B-00C04F79EFBC}") = "ativ2_ds", "ativ2_ds\ativ2_ds.csproj", "{765F6E12-3549-435E-9DDD-ECF1AD4EA02C}"
EndProject
Global
	GlobalSection(SolutionConfigurationPlatforms) = preSolution
		Debug|Any CPU = Debug|Any CPU
		Release|Any CPU = Release|Any CPU
	EndGlobalSection
	GlobalSection(ProjectConfigurationPlatforms) = postSolution
		{765F6E12-3549-435E-9DDD-ECF1AD4EA02C}.Debug|Any CPU.ActiveCfg = Debug|Any CPU
		{765F6E12-3549-435E-9DDD-ECF1AD4EA02C}.Debug|Any CPU.Build.0 = Debug|Any CPU
		{765F6E12-3549-435E-9DDD-ECF1AD4EA02C}.Release|Any CPU.ActiveCfg = Release|Any CPU
		{765F6E12-3549-435E-9DDD-ECF1AD4EA02C}.Release|Any CPU.Build.0 = Release|Any CPU
	EndGlobalSection
	GlobalSection(SolutionProperties) = preSolution
		HideSolutionNode = FALSE
	EndGlobalSection
	GlobalSection(ExtensibilityGlobals) = postSolution
		SolutionGuid = {BE87FFE9-32F9-4B6A-8C3E-E443E07A5D3B}
	EndGlobalSection
EndGlobal
